
Microsoft Visual Studio Solution File, Format Version 12.00
# Visual Studio Version 16
VisualStudioVersion = 16.0.32126.315
MinimumVisualStudioVersion = 10.0.40219.1
Project("{FAE04EC0-301F-11D3-BF4B-00C04F79EFBC}") = "BuiThiHai_2019606166_proj61", "BuiThiHai_2019606166_proj61\BuiThiHai_2019606166_proj61.csproj", "{A0DF949C-7725-4C7C-BDE6-1E2568996A9F}"
EndProject
Global
	GlobalSection(SolutionConfigurationPlatforms) = preSolution
		Debug|Any CPU = Debug|Any CPU
		Release|Any CPU = Release|Any CPU
	EndGlobalSection
	GlobalSection(ProjectConfigurationPlatforms) = postSolution
		{A0DF949C-7725-4C7C-BDE6-1E2568996A9F}.Debug|Any CPU.ActiveCfg = Debug|Any CPU
		{A0DF949C-7725-4C7C-BDE6-1E2568996A9F}.Debug|Any CPU.Build.0 = Debug|Any CPU
		{A0DF949C-7725-4C7C-BDE6-1E2568996A9F}.Release|Any CPU.ActiveCfg = Release|Any CPU
		{A0DF949C-7725-4C7C-BDE6-1E2568996A9F}.Release|Any CPU.Build.0 = Release|Any CPU
	EndGlobalSection
	GlobalSection(SolutionProperties) = preSolution
		HideSolutionNode = FALSE
	EndGlobalSection
	GlobalSection(ExtensibilityGlobals) = postSolution
		SolutionGuid = {4EF8C0F6-3666-4E86-A9BD-3ED233F07DE3}
	EndGlobalSection
EndGlobal
