
Microsoft Visual Studio Solution File, Format Version 12.00
# Visual Studio Version 16
VisualStudioVersion = 16.0.32126.315
MinimumVisualStudioVersion = 10.0.40219.1
Project("{FAE04EC0-301F-11D3-BF4B-00C04F79EFBC}") = "CSharpCanBan", "CSharpCanBan.csproj", "{80F60773-E0F1-4BFA-9936-F3D9AB0B2BDA}"
EndProject
Project("{FAE04EC0-301F-11D3-BF4B-00C04F79EFBC}") = "TamGiac", "..\TamGiac\TamGiac.csproj", "{F62CEAE6-D206-47A3-8023-38756D8785E8}"
EndProject
Project("{FAE04EC0-301F-11D3-BF4B-00C04F79EFBC}") = "XepLoaiHS", "..\XepLoaiHS\XepLoaiHS.csproj", "{F210D76E-82D0-494F-BD5E-60C96DD55225}"
EndProject
Project("{FAE04EC0-301F-11D3-BF4B-00C04F79EFBC}") = "TongChuoi", "..\TongChuoi\TongChuoi.csproj", "{DC406187-91F6-4FC1-AF75-EB2F3FBEF234}"
EndProject
Project("{FAE04EC0-301F-11D3-BF4B-00C04F79EFBC}") = "CanBacHai", "..\CanBacHai\CanBacHai.csproj", "{FC5CEE98-8CD7-4D7D-B2AA-42F2934EAD26}"
EndProject
Global
	GlobalSection(SolutionConfigurationPlatforms) = preSolution
		Debug|Any CPU = Debug|Any CPU
		Release|Any CPU = Release|Any CPU
	EndGlobalSection
	GlobalSection(ProjectConfigurationPlatforms) = postSolution
		{80F60773-E0F1-4BFA-9936-F3D9AB0B2BDA}.Debug|Any CPU.ActiveCfg = Debug|Any CPU
		{80F60773-E0F1-4BFA-9936-F3D9AB0B2BDA}.Debug|Any CPU.Build.0 = Debug|Any CPU
		{80F60773-E0F1-4BFA-9936-F3D9AB0B2BDA}.Release|Any CPU.ActiveCfg = Release|Any CPU
		{80F60773-E0F1-4BFA-9936-F3D9AB0B2BDA}.Release|Any CPU.Build.0 = Release|Any CPU
		{F62CEAE6-D206-47A3-8023-38756D8785E8}.Debug|Any CPU.ActiveCfg = Debug|Any CPU
		{F62CEAE6-D206-47A3-8023-38756D8785E8}.Debug|Any CPU.Build.0 = Debug|Any CPU
		{F62CEAE6-D206-47A3-8023-38756D8785E8}.Release|Any CPU.ActiveCfg = Release|Any CPU
		{F62CEAE6-D206-47A3-8023-38756D8785E8}.Release|Any CPU.Build.0 = Release|Any CPU
		{F210D76E-82D0-494F-BD5E-60C96DD55225}.Debug|Any CPU.ActiveCfg = Debug|Any CPU
		{F210D76E-82D0-494F-BD5E-60C96DD55225}.Debug|Any CPU.Build.0 = Debug|Any CPU
		{F210D76E-82D0-494F-BD5E-60C96DD55225}.Release|Any CPU.ActiveCfg = Release|Any CPU
		{F210D76E-82D0-494F-BD5E-60C96DD55225}.Release|Any CPU.Build.0 = Release|Any CPU
		{DC406187-91F6-4FC1-AF75-EB2F3FBEF234}.Debug|Any CPU.ActiveCfg = Debug|Any CPU
		{DC406187-91F6-4FC1-AF75-EB2F3FBEF234}.Debug|Any CPU.Build.0 = Debug|Any CPU
		{DC406187-91F6-4FC1-AF75-EB2F3FBEF234}.Release|Any CPU.ActiveCfg = Release|Any CPU
		{DC406187-91F6-4FC1-AF75-EB2F3FBEF234}.Release|Any CPU.Build.0 = Release|Any CPU
		{FC5CEE98-8CD7-4D7D-B2AA-42F2934EAD26}.Debug|Any CPU.ActiveCfg = Debug|Any CPU
		{FC5CEE98-8CD7-4D7D-B2AA-42F2934EAD26}.Debug|Any CPU.Build.0 = Debug|Any CPU
		{FC5CEE98-8CD7-4D7D-B2AA-42F2934EAD26}.Release|Any CPU.ActiveCfg = Release|Any CPU
		{FC5CEE98-8CD7-4D7D-B2AA-42F2934EAD26}.Release|Any CPU.Build.0 = Release|Any CPU
	EndGlobalSection
	GlobalSection(SolutionProperties) = preSolution
		HideSolutionNode = FALSE
	EndGlobalSection
	GlobalSection(ExtensibilityGlobals) = postSolution
		SolutionGuid = {5FDB6474-2272-4061-8615-B17E4E7FF91B}
	EndGlobalSection
EndGlobal
