
Microsoft Visual Studio Solution File, Format Version 12.00
# Visual Studio Version 16
VisualStudioVersion = 16.0.32126.315
MinimumVisualStudioVersion = 10.0.40219.1
Project("{FAE04EC0-301F-11D3-BF4B-00C04F79EFBC}") = "BuiThiHai_2019606166_pj5", "BuiThiHai_2019606166_pj5\BuiThiHai_2019606166_pj5.csproj", "{8751779B-638D-43E9-9A7E-C22A96FB4E2B}"
EndProject
Global
	GlobalSection(SolutionConfigurationPlatforms) = preSolution
		Debug|Any CPU = Debug|Any CPU
		Release|Any CPU = Release|Any CPU
	EndGlobalSection
	GlobalSection(ProjectConfigurationPlatforms) = postSolution
		{8751779B-638D-43E9-9A7E-C22A96FB4E2B}.Debug|Any CPU.ActiveCfg = Debug|Any CPU
		{8751779B-638D-43E9-9A7E-C22A96FB4E2B}.Debug|Any CPU.Build.0 = Debug|Any CPU
		{8751779B-638D-43E9-9A7E-C22A96FB4E2B}.Release|Any CPU.ActiveCfg = Release|Any CPU
		{8751779B-638D-43E9-9A7E-C22A96FB4E2B}.Release|Any CPU.Build.0 = Release|Any CPU
	EndGlobalSection
	GlobalSection(SolutionProperties) = preSolution
		HideSolutionNode = FALSE
	EndGlobalSection
	GlobalSection(ExtensibilityGlobals) = postSolution
		SolutionGuid = {440417CC-38C6-4FC7-8999-51039C4D45BC}
	EndGlobalSection
EndGlobal
