
Microsoft Visual Studio Solution File, Format Version 12.00
# Visual Studio Version 16
VisualStudioVersion = 16.0.32126.315
MinimumVisualStudioVersion = 10.0.40219.1
Project("{FAE04EC0-301F-11D3-BF4B-00C04F79EFBC}") = "Ca2_BuiThiHai_2019606166_DE02", "Ca2_BuiThiHai_2019606166_DE02.csproj", "{16479834-3FB0-4065-91C9-C6C523035E0D}"
EndProject
Global
	GlobalSection(SolutionConfigurationPlatforms) = preSolution
		Debug|Any CPU = Debug|Any CPU
		Release|Any CPU = Release|Any CPU
	EndGlobalSection
	GlobalSection(ProjectConfigurationPlatforms) = postSolution
		{16479834-3FB0-4065-91C9-C6C523035E0D}.Debug|Any CPU.ActiveCfg = Debug|Any CPU
		{16479834-3FB0-4065-91C9-C6C523035E0D}.Debug|Any CPU.Build.0 = Debug|Any CPU
		{16479834-3FB0-4065-91C9-C6C523035E0D}.Release|Any CPU.ActiveCfg = Release|Any CPU
		{16479834-3FB0-4065-91C9-C6C523035E0D}.Release|Any CPU.Build.0 = Release|Any CPU
	EndGlobalSection
	GlobalSection(SolutionProperties) = preSolution
		HideSolutionNode = FALSE
	EndGlobalSection
	GlobalSection(ExtensibilityGlobals) = postSolution
		SolutionGuid = {69D7C15E-1B3B-4217-87B7-D54AA3236835}
	EndGlobalSection
EndGlobal
